
Microsoft Visual Studio Solution File, Format Version 12.00
# Visual Studio Version 17
VisualStudioVersion = 17.11.35327.3
MinimumVisualStudioVersion = 10.0.40219.1
Project("{FAE04EC0-301F-11D3-BF4B-00C04F79EFBC}") = "AtlasCopcoMT6000", "AtlasCopcoMT6000\AtlasCopcoMT6000.csproj", "{E47610C5-F213-4330-90E8-B4CE41B96886}"
EndProject
Global
	GlobalSection(SolutionConfigurationPlatforms) = preSolution
		Debug|Any CPU = Debug|Any CPU
		Release|Any CPU = Release|Any CPU
	EndGlobalSection
	GlobalSection(ProjectConfigurationPlatforms) = postSolution
		{E47610C5-F213-4330-90E8-B4CE41B96886}.Debug|Any CPU.ActiveCfg = Debug|Any CPU
		{E47610C5-F213-4330-90E8-B4CE41B96886}.Debug|Any CPU.Build.0 = Debug|Any CPU
		{E47610C5-F213-4330-90E8-B4CE41B96886}.Release|Any CPU.ActiveCfg = Release|Any CPU
		{E47610C5-F213-4330-90E8-B4CE41B96886}.Release|Any CPU.Build.0 = Release|Any CPU
	EndGlobalSection
	GlobalSection(SolutionProperties) = preSolution
		HideSolutionNode = FALSE
	EndGlobalSection
	GlobalSection(ExtensibilityGlobals) = postSolution
		SolutionGuid = {77B269BC-0A58-4A48-A475-DD6EF88D479B}
	EndGlobalSection
EndGlobal
